{
  "name": "fabric8-stack-analysis-ui",
  "version": "0.0.1",
  "lockfileVersion": 1,
  "requires": true,
  "dependencies": {
    "c3": {
      "version": "0.4.23",
      "resolved": "https://registry.npmjs.org/c3/-/c3-0.4.23.tgz",
      "integrity": "sha512-fI6hbx1QoATU0gRQtPWsUGWX+ssXhxGH1ogew32KjVmGHFE4WmfmBkh+RkuHDoeCIoGFon7XTpKcwUZpBGW4mQ==",
      "requires": {
        "d3": "~3.5.0"
      }
    },
    "d3": {
      "version": "3.5.17",
      "resolved": "https://registry.npmjs.org/d3/-/d3-3.5.17.tgz",
      "integrity": "sha1-vEZ0gAQ3iyGjYMn8fPUjF5B2L7g="
    },
    "lodash": {
      "version": "4.17.10",
      "resolved": "https://registry.npmjs.org/lodash/-/lodash-4.17.10.tgz",
      "integrity": "sha512-UejweD1pDoXu+AD825lWwp4ZGtSwgnpZxb3JDViD7StjQz+Nb/6l093lx4OQ0foGWNRoc19mWy7BzL+UAK2iVg=="
    },
    "ngx-base": {
      "version": "3.2.1",
      "resolved": "https://registry.npmjs.org/ngx-base/-/ngx-base-3.2.1.tgz",
      "integrity": "sha512-yPJTC7NnZbn6VO5kJVXZl3FI9euH51OTDoR7TAaNS2G2urwHtYBjSMMKe1BltTB5Vu8suvvpgxZH527K7uJjGQ=="
    },
    "ngx-bootstrap": {
      "version": "3.0.1",
      "resolved": "https://registry.npmjs.org/ngx-bootstrap/-/ngx-bootstrap-3.0.1.tgz",
      "integrity": "sha512-ni91yYtn8ldgf/pxrlwl9lkVcLURGzopSpJnEbbgG1v1EZWTobI8y7J3mx4Kxptkn0EeiQwnLel67G7XJSox4A=="
    },
    "ngx-fabric8-wit": {
      "version": "6.21.2",
      "resolved": "https://registry.npmjs.org/ngx-fabric8-wit/-/ngx-fabric8-wit-6.21.2.tgz",
      "integrity": "sha512-HM3q1uO2GSI9nJ2IJU+gs6TC/5muK0aW4DZl/J9TLhSirjMQCAZlWbQJFdgx0Q/HB1qAE+7IoZNgYC3jVWpNmw==",
      "requires": {
        "lodash": "^4.17.4"
      }
    },
    "ngx-login-client": {
      "version": "2.3.2",
      "resolved": "https://registry.npmjs.org/ngx-login-client/-/ngx-login-client-2.3.2.tgz",
      "integrity": "sha512-GbiA8lElwOHgSPboWieMdtg1HOOKjPwruhLsrymHTErYfKK/JQwpunTxg+GbgKZGB+lXWwDqCmX2CNVC7VZShA==",
      "requires": {
        "lodash": "^4.17.10"
      }
    },
    "ngx-modal": {
      "version": "0.0.29",
      "resolved": "https://registry.npmjs.org/ngx-modal/-/ngx-modal-0.0.29.tgz",
      "integrity": "sha1-aYqiUqeTI6DKR61N3umU1iCubxU="
    }
  }
}
